// !$*UTF8*$!
{
	archiveVersion = 1;
	classes = {
	};
	objectVersion = 56;
	objects = {

/* Begin PBXBuildFile section */
		3B80D4F22AFED6F600DE6393 /* Rates.swift in Sources */ = {isa = PBXBuildFile; fileRef = 3B80D4F12AFED6F600DE6393 /* Rates.swift */; };
		A813CA6E2AFB989C005F19DF /* newrollApp.swift in Sources */ = {isa = PBXBuildFile; fileRef = A813CA6D2AFB989C005F19DF /* newrollApp.swift */; };
		A813CA702AFB989C005F19DF /* ContentView.swift in Sources */ = {isa = PBXBuildFile; fileRef = A813CA6F2AFB989C005F19DF /* ContentView.swift */; };
		A813CA722AFB98A1005F19DF /* Assets.xcassets in Resources */ = {isa = PBXBuildFile; fileRef = A813CA712AFB98A1005F19DF /* Assets.xcassets */; };
		A813CA752AFB98A1005F19DF /* Preview Assets.xcassets in Resources */ = {isa = PBXBuildFile; fileRef = A813CA742AFB98A1005F19DF /* Preview Assets.xcassets */; };
		A813CA7C2AFB98B5005F19DF /* OrderPayRate.swift in Sources */ = {isa = PBXBuildFile; fileRef = A813CA7B2AFB98B5005F19DF /* OrderPayRate.swift */; };
		A813CA7E2AFBA44F005F19DF /* Route.swift in Sources */ = {isa = PBXBuildFile; fileRef = A813CA7D2AFBA44F005F19DF /* Route.swift */; };
		A813CA802AFBA45D005F19DF /* Shift.swift in Sources */ = {isa = PBXBuildFile; fileRef = A813CA7F2AFBA45D005F19DF /* Shift.swift */; };
		A813CA822AFBF01B005F19DF /* Performance.swift in Sources */ = {isa = PBXBuildFile; fileRef = A813CA812AFBF01B005F19DF /* Performance.swift */; };
		A864C0262B02989700EF526F /* CalendarHelper.swift in Sources */ = {isa = PBXBuildFile; fileRef = A864C0252B02989700EF526F /* CalendarHelper.swift */; };
		A864C0282B0298B900EF526F /* CalendarViewModel.swift in Sources */ = {isa = PBXBuildFile; fileRef = A864C0272B0298B900EF526F /* CalendarViewModel.swift */; };
		A864C02A2B029DD500EF526F /* ScrollView.swift in Sources */ = {isa = PBXBuildFile; fileRef = A864C0292B029DD500EF526F /* ScrollView.swift */; };
		A86794EF2B0288B1001E5013 /* Calendar.swift in Sources */ = {isa = PBXBuildFile; fileRef = A86794EE2B0288B1001E5013 /* Calendar.swift */; };
/* End PBXBuildFile section */

/* Begin PBXFileReference section */
		3B80D4F12AFED6F600DE6393 /* Rates.swift */ = {isa = PBXFileReference; lastKnownFileType = sourcecode.swift; path = Rates.swift; sourceTree = "<group>"; };
		A813CA6A2AFB989C005F19DF /* newroll.app */ = {isa = PBXFileReference; explicitFileType = wrapper.application; includeInIndex = 0; path = newroll.app; sourceTree = BUILT_PRODUCTS_DIR; };
		A813CA6D2AFB989C005F19DF /* newrollApp.swift */ = {isa = PBXFileReference; lastKnownFileType = sourcecode.swift; path = newrollApp.swift; sourceTree = "<group>"; };
		A813CA6F2AFB989C005F19DF /* ContentView.swift */ = {isa = PBXFileReference; lastKnownFileType = sourcecode.swift; path = ContentView.swift; sourceTree = "<group>"; };
		A813CA712AFB98A1005F19DF /* Assets.xcassets */ = {isa = PBXFileReference; lastKnownFileType = folder.assetcatalog; path = Assets.xcassets; sourceTree = "<group>"; };
		A813CA742AFB98A1005F19DF /* Preview Assets.xcassets */ = {isa = PBXFileReference; lastKnownFileType = folder.assetcatalog; path = "Preview Assets.xcassets"; sourceTree = "<group>"; };
		A813CA7B2AFB98B5005F19DF /* OrderPayRate.swift */ = {isa = PBXFileReference; lastKnownFileType = sourcecode.swift; path = OrderPayRate.swift; sourceTree = "<group>"; };
		A813CA7D2AFBA44F005F19DF /* Route.swift */ = {isa = PBXFileReference; lastKnownFileType = sourcecode.swift; path = Route.swift; sourceTree = "<group>"; };
		A813CA7F2AFBA45D005F19DF /* Shift.swift */ = {isa = PBXFileReference; lastKnownFileType = sourcecode.swift; path = Shift.swift; sourceTree = "<group>"; };
		A813CA812AFBF01B005F19DF /* Performance.swift */ = {isa = PBXFileReference; lastKnownFileType = sourcecode.swift; path = Performance.swift; sourceTree = "<group>"; };
		A864C0252B02989700EF526F /* CalendarHelper.swift */ = {isa = PBXFileReference; lastKnownFileType = sourcecode.swift; path = CalendarHelper.swift; sourceTree = "<group>"; };
		A864C0272B0298B900EF526F /* CalendarViewModel.swift */ = {isa = PBXFileReference; lastKnownFileType = sourcecode.swift; path = CalendarViewModel.swift; sourceTree = "<group>"; };
		A864C0292B029DD500EF526F /* ScrollView.swift */ = {isa = PBXFileReference; lastKnownFileType = sourcecode.swift; path = ScrollView.swift; sourceTree = "<group>"; };
		A86794EE2B0288B1001E5013 /* Calendar.swift */ = {isa = PBXFileReference; lastKnownFileType = sourcecode.swift; path = Calendar.swift; sourceTree = "<group>"; };
/* End PBXFileReference section */

/* Begin PBXFrameworksBuildPhase section */
		A813CA672AFB989C005F19DF /* Frameworks */ = {
			isa = PBXFrameworksBuildPhase;
			buildActionMask = 2147483647;
			files = (
			);
			runOnlyForDeploymentPostprocessing = 0;
		};
/* End PBXFrameworksBuildPhase section */

/* Begin PBXGroup section */
		A813CA612AFB989C005F19DF = {
			isa = PBXGroup;
			children = (
				A813CA6C2AFB989C005F19DF /* newroll */,
				A813CA6B2AFB989C005F19DF /* Products */,
			);
			sourceTree = "<group>";
		};
		A813CA6B2AFB989C005F19DF /* Products */ = {
			isa = PBXGroup;
			children = (
				A813CA6A2AFB989C005F19DF /* newroll.app */,
			);
			name = Products;
			sourceTree = "<group>";
		};
		A813CA6C2AFB989C005F19DF /* newroll */ = {
			isa = PBXGroup;
			children = (
				A813CA6D2AFB989C005F19DF /* newrollApp.swift */,
				A813CA6F2AFB989C005F19DF /* ContentView.swift */,
				A813CA7B2AFB98B5005F19DF /* OrderPayRate.swift */,
				A813CA7D2AFBA44F005F19DF /* Route.swift */,
				A813CA7F2AFBA45D005F19DF /* Shift.swift */,
				A813CA812AFBF01B005F19DF /* Performance.swift */,
				A864C0242B02982300EF526F /* CalendarView */,
				A813CA712AFB98A1005F19DF /* Assets.xcassets */,
				A813CA732AFB98A1005F19DF /* Preview Content */,
				3B80D4F12AFED6F600DE6393 /* Rates.swift */,
			);
			path = newroll;
			sourceTree = "<group>";
		};
		A813CA732AFB98A1005F19DF /* Preview Content */ = {
			isa = PBXGroup;
			children = (
				A813CA742AFB98A1005F19DF /* Preview Assets.xcassets */,
			);
			path = "Preview Content";
			sourceTree = "<group>";
		};
		A864C0242B02982300EF526F /* CalendarView */ = {
			isa = PBXGroup;
			children = (
				A86794EE2B0288B1001E5013 /* Calendar.swift */,
				A864C0292B029DD500EF526F /* ScrollView.swift */,
				A864C0272B0298B900EF526F /* CalendarViewModel.swift */,
				A864C0252B02989700EF526F /* CalendarHelper.swift */,
			);
			path = CalendarView;
			sourceTree = "<group>";
		};
/* End PBXGroup section */

/* Begin PBXNativeTarget section */
		A813CA692AFB989C005F19DF /* newroll */ = {
			isa = PBXNativeTarget;
			buildConfigurationList = A813CA782AFB98A1005F19DF /* Build configuration list for PBXNativeTarget "newroll" */;
			buildPhases = (
				A813CA662AFB989C005F19DF /* Sources */,
				A813CA672AFB989C005F19DF /* Frameworks */,
				A813CA682AFB989C005F19DF /* Resources */,
			);
			buildRules = (
			);
			dependencies = (
			);
			name = newroll;
			productName = newroll;
			productReference = A813CA6A2AFB989C005F19DF /* newroll.app */;
			productType = "com.apple.product-type.application";
		};
/* End PBXNativeTarget section */

/* Begin PBXProject section */
		A813CA622AFB989C005F19DF /* Project object */ = {
			isa = PBXProject;
			attributes = {
				BuildIndependentTargetsInParallel = 1;
				LastSwiftUpdateCheck = 1500;
				LastUpgradeCheck = 1500;
				TargetAttributes = {
					A813CA692AFB989C005F19DF = {
						CreatedOnToolsVersion = 15.0.1;
					};
				};
			};
			buildConfigurationList = A813CA652AFB989C005F19DF /* Build configuration list for PBXProject "newroll" */;
			compatibilityVersion = "Xcode 14.0";
			developmentRegion = en;
			hasScannedForEncodings = 0;
			knownRegions = (
				en,
				Base,
			);
			mainGroup = A813CA612AFB989C005F19DF;
			productRefGroup = A813CA6B2AFB989C005F19DF /* Products */;
			projectDirPath = "";
			projectRoot = "";
			targets = (
				A813CA692AFB989C005F19DF /* newroll */,
			);
		};
/* End PBXProject section */

/* Begin PBXResourcesBuildPhase section */
		A813CA682AFB989C005F19DF /* Resources */ = {
			isa = PBXResourcesBuildPhase;
			buildActionMask = 2147483647;
			files = (
				A813CA752AFB98A1005F19DF /* Preview Assets.xcassets in Resources */,
				A813CA722AFB98A1005F19DF /* Assets.xcassets in Resources */,
			);
			runOnlyForDeploymentPostprocessing = 0;
		};
/* End PBXResourcesBuildPhase section */

/* Begin PBXSourcesBuildPhase section */
		A813CA662AFB989C005F19DF /* Sources */ = {
			isa = PBXSourcesBuildPhase;
			buildActionMask = 2147483647;
			files = (
				A864C0262B02989700EF526F /* CalendarHelper.swift in Sources */,
				A813CA7C2AFB98B5005F19DF /* OrderPayRate.swift in Sources */,
				A864C0262B02989700EF526F /* CalendarHelper.swift in Sources */,
				A813CA7E2AFBA44F005F19DF /* Route.swift in Sources */,
				A864C02A2B029DD500EF526F /* ScrollView.swift in Sources */,
				A813CA702AFB989C005F19DF /* ContentView.swift in Sources */,
				A813CA6E2AFB989C005F19DF /* newrollApp.swift in Sources */,
				3B80D4F22AFED6F600DE6393 /* Rates.swift in Sources */,
				A813CA802AFBA45D005F19DF /* Shift.swift in Sources */,
				A864C0282B0298B900EF526F /* CalendarViewModel.swift in Sources */,
				A813CA822AFBF01B005F19DF /* Performance.swift in Sources */,
				A86794EF2B0288B1001E5013 /* Calendar.swift in Sources */,
			);
			runOnlyForDeploymentPostprocessing = 0;
		};
/* End PBXSourcesBuildPhase section */

/* Begin XCBuildConfiguration section */
		A813CA762AFB98A1005F19DF /* Debug */ = {
			isa = XCBuildConfiguration;
			buildSettings = {
				ALWAYS_SEARCH_USER_PATHS = NO;
				ASSETCATALOG_COMPILER_GENERATE_SWIFT_ASSET_SYMBOL_EXTENSIONS = YES;
				CLANG_ANALYZER_NONNULL = YES;
				CLANG_ANALYZER_NUMBER_OBJECT_CONVERSION = YES_AGGRESSIVE;
				CLANG_CXX_LANGUAGE_STANDARD = "gnu++20";
				CLANG_ENABLE_MODULES = YES;
				CLANG_ENABLE_OBJC_ARC = YES;
				CLANG_ENABLE_OBJC_WEAK = YES;
				CLANG_WARN_BLOCK_CAPTURE_AUTORELEASING = YES;
				CLANG_WARN_BOOL_CONVERSION = YES;
				CLANG_WARN_COMMA = YES;
				CLANG_WARN_CONSTANT_CONVERSION = YES;
				CLANG_WARN_DEPRECATED_OBJC_IMPLEMENTATIONS = YES;
				CLANG_WARN_DIRECT_OBJC_ISA_USAGE = YES_ERROR;
				CLANG_WARN_DOCUMENTATION_COMMENTS = YES;
				CLANG_WARN_EMPTY_BODY = YES;
				CLANG_WARN_ENUM_CONVERSION = YES;
				CLANG_WARN_INFINITE_RECURSION = YES;
				CLANG_WARN_INT_CONVERSION = YES;
				CLANG_WARN_NON_LITERAL_NULL_CONVERSION = YES;
				CLANG_WARN_OBJC_IMPLICIT_RETAIN_SELF = YES;
				CLANG_WARN_OBJC_LITERAL_CONVERSION = YES;
				CLANG_WARN_OBJC_ROOT_CLASS = YES_ERROR;
				CLANG_WARN_QUOTED_INCLUDE_IN_FRAMEWORK_HEADER = YES;
				CLANG_WARN_RANGE_LOOP_ANALYSIS = YES;
				CLANG_WARN_STRICT_PROTOTYPES = YES;
				CLANG_WARN_SUSPICIOUS_MOVE = YES;
				CLANG_WARN_UNGUARDED_AVAILABILITY = YES_AGGRESSIVE;
				CLANG_WARN_UNREACHABLE_CODE = YES;
				CLANG_WARN__DUPLICATE_METHOD_MATCH = YES;
				COPY_PHASE_STRIP = NO;
				DEBUG_INFORMATION_FORMAT = dwarf;
				ENABLE_STRICT_OBJC_MSGSEND = YES;
				ENABLE_TESTABILITY = YES;
				ENABLE_USER_SCRIPT_SANDBOXING = YES;
				GCC_C_LANGUAGE_STANDARD = gnu17;
				GCC_DYNAMIC_NO_PIC = NO;
				GCC_NO_COMMON_BLOCKS = YES;
				GCC_OPTIMIZATION_LEVEL = 0;
				GCC_PREPROCESSOR_DEFINITIONS = (
					"DEBUG=1",
					"$(inherited)",
				);
				GCC_WARN_64_TO_32_BIT_CONVERSION = YES;
				GCC_WARN_ABOUT_RETURN_TYPE = YES_ERROR;
				GCC_WARN_UNDECLARED_SELECTOR = YES;
				GCC_WARN_UNINITIALIZED_AUTOS = YES_AGGRESSIVE;
				GCC_WARN_UNUSED_FUNCTION = YES;
				GCC_WARN_UNUSED_VARIABLE = YES;
				IPHONEOS_DEPLOYMENT_TARGET = 17.0;
				LOCALIZATION_PREFERS_STRING_CATALOGS = YES;
				MTL_ENABLE_DEBUG_INFO = INCLUDE_SOURCE;
				MTL_FAST_MATH = YES;
				ONLY_ACTIVE_ARCH = YES;
				SDKROOT = iphoneos;
				SWIFT_ACTIVE_COMPILATION_CONDITIONS = "DEBUG $(inherited)";
				SWIFT_OPTIMIZATION_LEVEL = "-Onone";
			};
			name = Debug;
		};
		A813CA772AFB98A1005F19DF /* Release */ = {
			isa = XCBuildConfiguration;
			buildSettings = {
				ALWAYS_SEARCH_USER_PATHS = NO;
				ASSETCATALOG_COMPILER_GENERATE_SWIFT_ASSET_SYMBOL_EXTENSIONS = YES;
				CLANG_ANALYZER_NONNULL = YES;
				CLANG_ANALYZER_NUMBER_OBJECT_CONVERSION = YES_AGGRESSIVE;
				CLANG_CXX_LANGUAGE_STANDARD = "gnu++20";
				CLANG_ENABLE_MODULES = YES;
				CLANG_ENABLE_OBJC_ARC = YES;
				CLANG_ENABLE_OBJC_WEAK = YES;
				CLANG_WARN_BLOCK_CAPTURE_AUTORELEASING = YES;
				CLANG_WARN_BOOL_CONVERSION = YES;
				CLANG_WARN_COMMA = YES;
				CLANG_WARN_CONSTANT_CONVERSION = YES;
				CLANG_WARN_DEPRECATED_OBJC_IMPLEMENTATIONS = YES;
				CLANG_WARN_DIRECT_OBJC_ISA_USAGE = YES_ERROR;
				CLANG_WARN_DOCUMENTATION_COMMENTS = YES;
				CLANG_WARN_EMPTY_BODY = YES;
				CLANG_WARN_ENUM_CONVERSION = YES;
				CLANG_WARN_INFINITE_RECURSION = YES;
				CLANG_WARN_INT_CONVERSION = YES;
				CLANG_WARN_NON_LITERAL_NULL_CONVERSION = YES;
				CLANG_WARN_OBJC_IMPLICIT_RETAIN_SELF = YES;
				CLANG_WARN_OBJC_LITERAL_CONVERSION = YES;
				CLANG_WARN_OBJC_ROOT_CLASS = YES_ERROR;
				CLANG_WARN_QUOTED_INCLUDE_IN_FRAMEWORK_HEADER = YES;
				CLANG_WARN_RANGE_LOOP_ANALYSIS = YES;
				CLANG_WARN_STRICT_PROTOTYPES = YES;
				CLANG_WARN_SUSPICIOUS_MOVE = YES;
				CLANG_WARN_UNGUARDED_AVAILABILITY = YES_AGGRESSIVE;
				CLANG_WARN_UNREACHABLE_CODE = YES;
				CLANG_WARN__DUPLICATE_METHOD_MATCH = YES;
				COPY_PHASE_STRIP = NO;
				DEBUG_INFORMATION_FORMAT = "dwarf-with-dsym";
				ENABLE_NS_ASSERTIONS = NO;
				ENABLE_STRICT_OBJC_MSGSEND = YES;
				ENABLE_USER_SCRIPT_SANDBOXING = YES;
				GCC_C_LANGUAGE_STANDARD = gnu17;
				GCC_NO_COMMON_BLOCKS = YES;
				GCC_WARN_64_TO_32_BIT_CONVERSION = YES;
				GCC_WARN_ABOUT_RETURN_TYPE = YES_ERROR;
				GCC_WARN_UNDECLARED_SELECTOR = YES;
				GCC_WARN_UNINITIALIZED_AUTOS = YES_AGGRESSIVE;
				GCC_WARN_UNUSED_FUNCTION = YES;
				GCC_WARN_UNUSED_VARIABLE = YES;
				IPHONEOS_DEPLOYMENT_TARGET = 17.0;
				LOCALIZATION_PREFERS_STRING_CATALOGS = YES;
				MTL_ENABLE_DEBUG_INFO = NO;
				MTL_FAST_MATH = YES;
				SDKROOT = iphoneos;
				SWIFT_COMPILATION_MODE = wholemodule;
				VALIDATE_PRODUCT = YES;
			};
			name = Release;
		};
		A813CA792AFB98A1005F19DF /* Debug */ = {
			isa = XCBuildConfiguration;
			buildSettings = {
				ASSETCATALOG_COMPILER_APPICON_NAME = AppIcon;
				ASSETCATALOG_COMPILER_GLOBAL_ACCENT_COLOR_NAME = AccentColor;
				CODE_SIGN_STYLE = Automatic;
				CURRENT_PROJECT_VERSION = 1;
				DEVELOPMENT_ASSET_PATHS = "\"newroll/Preview Content\"";
				DEVELOPMENT_TEAM = 6A744UV7PU;
				ENABLE_PREVIEWS = YES;
				GENERATE_INFOPLIST_FILE = YES;
				INFOPLIST_KEY_UIApplicationSceneManifest_Generation = YES;
				INFOPLIST_KEY_UIApplicationSupportsIndirectInputEvents = YES;
				INFOPLIST_KEY_UILaunchScreen_Generation = YES;
				INFOPLIST_KEY_UISupportedInterfaceOrientations_iPad = "UIInterfaceOrientationPortrait UIInterfaceOrientationPortraitUpsideDown UIInterfaceOrientationLandscapeLeft UIInterfaceOrientationLandscapeRight";
				INFOPLIST_KEY_UISupportedInterfaceOrientations_iPhone = "UIInterfaceOrientationPortrait UIInterfaceOrientationLandscapeLeft UIInterfaceOrientationLandscapeRight";
				LD_RUNPATH_SEARCH_PATHS = (
					"$(inherited)",
					"@executable_path/Frameworks",
				);
				MARKETING_VERSION = 1.0;
				PRODUCT_BUNDLE_IDENTIFIER = com.tomasduchoslav.newroll;
				PRODUCT_NAME = "$(TARGET_NAME)";
				SWIFT_EMIT_LOC_STRINGS = YES;
				SWIFT_VERSION = 5.0;
				TARGETED_DEVICE_FAMILY = "1,2";
			};
			name = Debug;
		};
		A813CA7A2AFB98A1005F19DF /* Release */ = {
			isa = XCBuildConfiguration;
			buildSettings = {
				ASSETCATALOG_COMPILER_APPICON_NAME = AppIcon;
				ASSETCATALOG_COMPILER_GLOBAL_ACCENT_COLOR_NAME = AccentColor;
				CODE_SIGN_STYLE = Automatic;
				CURRENT_PROJECT_VERSION = 1;
				DEVELOPMENT_ASSET_PATHS = "\"newroll/Preview Content\"";
				DEVELOPMENT_TEAM = 6A744UV7PU;
				ENABLE_PREVIEWS = YES;
				GENERATE_INFOPLIST_FILE = YES;
				INFOPLIST_KEY_UIApplicationSceneManifest_Generation = YES;
				INFOPLIST_KEY_UIApplicationSupportsIndirectInputEvents = YES;
				INFOPLIST_KEY_UILaunchScreen_Generation = YES;
				INFOPLIST_KEY_UISupportedInterfaceOrientations_iPad = "UIInterfaceOrientationPortrait UIInterfaceOrientationPortraitUpsideDown UIInterfaceOrientationLandscapeLeft UIInterfaceOrientationLandscapeRight";
				INFOPLIST_KEY_UISupportedInterfaceOrientations_iPhone = "UIInterfaceOrientationPortrait UIInterfaceOrientationLandscapeLeft UIInterfaceOrientationLandscapeRight";
				LD_RUNPATH_SEARCH_PATHS = (
					"$(inherited)",
					"@executable_path/Frameworks",
				);
				MARKETING_VERSION = 1.0;
				PRODUCT_BUNDLE_IDENTIFIER = com.tomasduchoslav.newroll;
				PRODUCT_NAME = "$(TARGET_NAME)";
				SWIFT_EMIT_LOC_STRINGS = YES;
				SWIFT_VERSION = 5.0;
				TARGETED_DEVICE_FAMILY = "1,2";
			};
			name = Release;
		};
/* End XCBuildConfiguration section */

/* Begin XCConfigurationList section */
		A813CA652AFB989C005F19DF /* Build configuration list for PBXProject "newroll" */ = {
			isa = XCConfigurationList;
			buildConfigurations = (
				A813CA762AFB98A1005F19DF /* Debug */,
				A813CA772AFB98A1005F19DF /* Release */,
			);
			defaultConfigurationIsVisible = 0;
			defaultConfigurationName = Release;
		};
		A813CA782AFB98A1005F19DF /* Build configuration list for PBXNativeTarget "newroll" */ = {
			isa = XCConfigurationList;
			buildConfigurations = (
				A813CA792AFB98A1005F19DF /* Debug */,
				A813CA7A2AFB98A1005F19DF /* Release */,
			);
			defaultConfigurationIsVisible = 0;
			defaultConfigurationName = Release;
		};
/* End XCConfigurationList section */
	};
	rootObject = A813CA622AFB989C005F19DF /* Project object */;
}
